
Microsoft Visual Studio Solution File, Format Version 12.00
# Visual Studio Version 18
VisualStudioVersion = 18.0.11205.157
MinimumVisualStudioVersion = 10.0.40219.1
Project("{FAE04EC0-301F-11D3-BF4B-00C04F79EFBC}") = "BusinessObjects", "BusinessObject\BusinessObjects.csproj", "{E58E6CB9-566F-4E97-9193-1450D5A00DC4}"
EndProject
Project("{FAE04EC0-301F-11D3-BF4B-00C04F79EFBC}") = "Repositories", "Repositories\Repositories.csproj", "{EE456AFB-C186-4698-811C-E2B71D2B8AED}"
EndProject
Project("{FAE04EC0-301F-11D3-BF4B-00C04F79EFBC}") = "Services", "Services\Services.csproj", "{19F083FA-C605-4CAF-9690-C32C42FF6731}"
EndProject
Project("{FAE04EC0-301F-11D3-BF4B-00C04F79EFBC}") = "HealthBookingSystemWebApp", "HealthBookingSystemWebApp\HealthBookingSystemWebApp.csproj", "{9524439B-9ED2-422F-84A8-8F6DB0D3B611}"
EndProject
Project("{FAE04EC0-301F-11D3-BF4B-00C04F79EFBC}") = "HealthBookingSystemAPI", "HealthBookingSystemAPI\HealthBookingSystemAPI.csproj", "{D292ED8F-4560-4F78-8C26-93F8A0900458}"
EndProject
Global
	GlobalSection(SolutionConfigurationPlatforms) = preSolution
		Debug|Any CPU = Debug|Any CPU
		Release|Any CPU = Release|Any CPU
	EndGlobalSection
	GlobalSection(ProjectConfigurationPlatforms) = postSolution
		{E58E6CB9-566F-4E97-9193-1450D5A00DC4}.Debug|Any CPU.ActiveCfg = Debug|Any CPU
		{E58E6CB9-566F-4E97-9193-1450D5A00DC4}.Debug|Any CPU.Build.0 = Debug|Any CPU
		{E58E6CB9-566F-4E97-9193-1450D5A00DC4}.Release|Any CPU.ActiveCfg = Release|Any CPU
		{E58E6CB9-566F-4E97-9193-1450D5A00DC4}.Release|Any CPU.Build.0 = Release|Any CPU
		{EE456AFB-C186-4698-811C-E2B71D2B8AED}.Debug|Any CPU.ActiveCfg = Debug|Any CPU
		{EE456AFB-C186-4698-811C-E2B71D2B8AED}.Debug|Any CPU.Build.0 = Debug|Any CPU
		{EE456AFB-C186-4698-811C-E2B71D2B8AED}.Release|Any CPU.ActiveCfg = Release|Any CPU
		{EE456AFB-C186-4698-811C-E2B71D2B8AED}.Release|Any CPU.Build.0 = Release|Any CPU
		{19F083FA-C605-4CAF-9690-C32C42FF6731}.Debug|Any CPU.ActiveCfg = Debug|Any CPU
		{19F083FA-C605-4CAF-9690-C32C42FF6731}.Debug|Any CPU.Build.0 = Debug|Any CPU
		{19F083FA-C605-4CAF-9690-C32C42FF6731}.Release|Any CPU.ActiveCfg = Release|Any CPU
		{19F083FA-C605-4CAF-9690-C32C42FF6731}.Release|Any CPU.Build.0 = Release|Any CPU
		{9524439B-9ED2-422F-84A8-8F6DB0D3B611}.Debug|Any CPU.ActiveCfg = Debug|Any CPU
		{9524439B-9ED2-422F-84A8-8F6DB0D3B611}.Debug|Any CPU.Build.0 = Debug|Any CPU
		{9524439B-9ED2-422F-84A8-8F6DB0D3B611}.Release|Any CPU.ActiveCfg = Release|Any CPU
		{9524439B-9ED2-422F-84A8-8F6DB0D3B611}.Release|Any CPU.Build.0 = Release|Any CPU
		{D292ED8F-4560-4F78-8C26-93F8A0900458}.Debug|Any CPU.ActiveCfg = Debug|Any CPU
		{D292ED8F-4560-4F78-8C26-93F8A0900458}.Debug|Any CPU.Build.0 = Debug|Any CPU
		{D292ED8F-4560-4F78-8C26-93F8A0900458}.Release|Any CPU.ActiveCfg = Release|Any CPU
		{D292ED8F-4560-4F78-8C26-93F8A0900458}.Release|Any CPU.Build.0 = Release|Any CPU
	EndGlobalSection
	GlobalSection(SolutionProperties) = preSolution
		HideSolutionNode = FALSE
	EndGlobalSection
	GlobalSection(ExtensibilityGlobals) = postSolution
		SolutionGuid = {3C113D37-E9A3-46EF-8830-B0309247D6C4}
	EndGlobalSection
EndGlobal
